// !$*UTF8*$!
{
	archiveVersion = 1;
	classes = {
	};
	objectVersion = 56;
	objects = {

/* Begin PBXBuildFile section */
		AA1000000000000000000001 /* ChatPrototipoApp.swift in Sources */ = {isa = PBXBuildFile; fileRef = AA2000000000000000000001 /* ChatPrototipoApp.swift */; };
		AA1000000000000000000002 /* ContentView.swift in Sources */ = {isa = PBXBuildFile; fileRef = AA2000000000000000000002 /* ContentView.swift */; };
		AA1000000000000000000003 /* Assets.xcassets in Resources */ = {isa = PBXBuildFile; fileRef = AA2000000000000000000003 /* Assets.xcassets */; };
		AA1000000000000000000004 /* Preview Assets.xcassets in Resources */ = {isa = PBXBuildFile; fileRef = AA2000000000000000000004 /* Preview Assets.xcassets */; };
		AA1000000000000000000005 /* AppState.swift in Sources */ = {isa = PBXBuildFile; fileRef = AA2000000000000000000005 /* AppState.swift */; };
		AA1000000000000000000006 /* RootView.swift in Sources */ = {isa = PBXBuildFile; fileRef = AA2000000000000000000006 /* RootView.swift */; };
		AA1000000000000000000007 /* Conversation.swift in Sources */ = {isa = PBXBuildFile; fileRef = AA2000000000000000000007 /* Conversation.swift */; };
		AA1000000000000000000008 /* LLMProvider.swift in Sources */ = {isa = PBXBuildFile; fileRef = AA2000000000000000000008 /* LLMProvider.swift */; };
		AA1000000000000000000009 /* Message.swift in Sources */ = {isa = PBXBuildFile; fileRef = AA2000000000000000000009 /* Message.swift */; };
		AA100000000000000000000A /* User.swift in Sources */ = {isa = PBXBuildFile; fileRef = AA200000000000000000000A /* User.swift */; };
		AA100000000000000000000B /* DataContainer.swift in Sources */ = {isa = PBXBuildFile; fileRef = AA200000000000000000000B /* DataContainer.swift */; };
		AA100000000000000000000C /* AnthropicService.swift in Sources */ = {isa = PBXBuildFile; fileRef = AA200000000000000000000C /* AnthropicService.swift */; };
		AA100000000000000000000D /* KeychainService.swift in Sources */ = {isa = PBXBuildFile; fileRef = AA200000000000000000000D /* KeychainService.swift */; };
		AA100000000000000000000E /* LLMService.swift in Sources */ = {isa = PBXBuildFile; fileRef = AA200000000000000000000E /* LLMService.swift */; };
		AA100000000000000000000F /* LLMServiceFactory.swift in Sources */ = {isa = PBXBuildFile; fileRef = AA200000000000000000000F /* LLMServiceFactory.swift */; };
		AA1000000000000000000010 /* NetworkManager.swift in Sources */ = {isa = PBXBuildFile; fileRef = AA2000000000000000000010 /* NetworkManager.swift */; };
		AA1000000000000000000011 /* OpenAIService.swift in Sources */ = {isa = PBXBuildFile; fileRef = AA2000000000000000000011 /* OpenAIService.swift */; };
		AA1000000000000000000012 /* StreamingParser.swift in Sources */ = {isa = PBXBuildFile; fileRef = AA2000000000000000000012 /* StreamingParser.swift */; };
		AA1000000000000000000013 /* AppLog.swift in Sources */ = {isa = PBXBuildFile; fileRef = AA2000000000000000000013 /* AppLog.swift */; };
		AA1000000000000000000014 /* AuthViewModel.swift in Sources */ = {isa = PBXBuildFile; fileRef = AA2000000000000000000014 /* AuthViewModel.swift */; };
		AA1000000000000000000015 /* ChatViewModel.swift in Sources */ = {isa = PBXBuildFile; fileRef = AA2000000000000000000015 /* ChatViewModel.swift */; };
		AA1000000000000000000016 /* ConversationListViewModel.swift in Sources */ = {isa = PBXBuildFile; fileRef = AA2000000000000000000016 /* ConversationListViewModel.swift */; };
		AA1000000000000000000017 /* SettingsViewModel.swift in Sources */ = {isa = PBXBuildFile; fileRef = AA2000000000000000000017 /* SettingsViewModel.swift */; };
		AA1000000000000000000018 /* LoginView.swift in Sources */ = {isa = PBXBuildFile; fileRef = AA2000000000000000000018 /* LoginView.swift */; };
		AA1000000000000000000019 /* ChatView.swift in Sources */ = {isa = PBXBuildFile; fileRef = AA2000000000000000000019 /* ChatView.swift */; };
		AA100000000000000000001A /* CommonViews.swift in Sources */ = {isa = PBXBuildFile; fileRef = AA200000000000000000001A /* CommonViews.swift */; };
		AA100000000000000000001B /* ConversationListView.swift in Sources */ = {isa = PBXBuildFile; fileRef = AA200000000000000000001B /* ConversationListView.swift */; };
		AA100000000000000000001C /* SettingsView.swift in Sources */ = {isa = PBXBuildFile; fileRef = AA200000000000000000001C /* SettingsView.swift */; };
		AA100000000000000000001D /* BotResponseService.swift in Sources */ = {isa = PBXBuildFile; fileRef = AA200000000000000000001D /* BotResponseService.swift */; };
/* End PBXBuildFile section */

/* Begin PBXFileReference section */
		AA2000000000000000000000 /* ChatPrototipe.app */ = {isa = PBXFileReference; explicitFileType = wrapper.application; includeInIndex = 0; path = ChatPrototipe.app; sourceTree = BUILT_PRODUCTS_DIR; };
		AA2000000000000000000001 /* ChatPrototipoApp.swift */ = {isa = PBXFileReference; lastKnownFileType = sourcecode.swift; path = ChatPrototipoApp.swift; sourceTree = "<group>"; };
		AA2000000000000000000002 /* ContentView.swift */ = {isa = PBXFileReference; lastKnownFileType = sourcecode.swift; path = ContentView.swift; sourceTree = "<group>"; };
		AA2000000000000000000003 /* Assets.xcassets */ = {isa = PBXFileReference; lastKnownFileType = folder.assetcatalog; path = Assets.xcassets; sourceTree = "<group>"; };
		AA2000000000000000000004 /* Preview Assets.xcassets */ = {isa = PBXFileReference; lastKnownFileType = folder.assetcatalog; path = "Preview Assets.xcassets"; sourceTree = "<group>"; };
		AA2000000000000000000005 /* AppState.swift */ = {isa = PBXFileReference; lastKnownFileType = sourcecode.swift; path = App/AppState.swift; sourceTree = "<group>"; };
		AA2000000000000000000006 /* RootView.swift */ = {isa = PBXFileReference; lastKnownFileType = sourcecode.swift; path = App/RootView.swift; sourceTree = "<group>"; };
		AA2000000000000000000007 /* Conversation.swift */ = {isa = PBXFileReference; lastKnownFileType = sourcecode.swift; path = Models/Conversation.swift; sourceTree = "<group>"; };
		AA2000000000000000000008 /* LLMProvider.swift */ = {isa = PBXFileReference; lastKnownFileType = sourcecode.swift; path = Models/LLMProvider.swift; sourceTree = "<group>"; };
		AA2000000000000000000009 /* Message.swift */ = {isa = PBXFileReference; lastKnownFileType = sourcecode.swift; path = Models/Message.swift; sourceTree = "<group>"; };
		AA200000000000000000000A /* User.swift */ = {isa = PBXFileReference; lastKnownFileType = sourcecode.swift; path = Models/User.swift; sourceTree = "<group>"; };
		AA200000000000000000000B /* DataContainer.swift */ = {isa = PBXFileReference; lastKnownFileType = sourcecode.swift; path = Persistence/DataContainer.swift; sourceTree = "<group>"; };
		AA200000000000000000000C /* AnthropicService.swift */ = {isa = PBXFileReference; lastKnownFileType = sourcecode.swift; path = Services/AnthropicService.swift; sourceTree = "<group>"; };
		AA200000000000000000000D /* KeychainService.swift */ = {isa = PBXFileReference; lastKnownFileType = sourcecode.swift; path = Services/KeychainService.swift; sourceTree = "<group>"; };
		AA200000000000000000000E /* LLMService.swift */ = {isa = PBXFileReference; lastKnownFileType = sourcecode.swift; path = Services/LLMService.swift; sourceTree = "<group>"; };
		AA200000000000000000000F /* LLMServiceFactory.swift */ = {isa = PBXFileReference; lastKnownFileType = sourcecode.swift; path = Services/LLMServiceFactory.swift; sourceTree = "<group>"; };
		AA2000000000000000000010 /* NetworkManager.swift */ = {isa = PBXFileReference; lastKnownFileType = sourcecode.swift; path = Services/NetworkManager.swift; sourceTree = "<group>"; };
		AA2000000000000000000011 /* OpenAIService.swift */ = {isa = PBXFileReference; lastKnownFileType = sourcecode.swift; path = Services/OpenAIService.swift; sourceTree = "<group>"; };
		AA2000000000000000000012 /* StreamingParser.swift */ = {isa = PBXFileReference; lastKnownFileType = sourcecode.swift; path = Services/StreamingParser.swift; sourceTree = "<group>"; };
		AA2000000000000000000013 /* AppLog.swift */ = {isa = PBXFileReference; lastKnownFileType = sourcecode.swift; path = Utilities/AppLog.swift; sourceTree = "<group>"; };
		AA2000000000000000000014 /* AuthViewModel.swift */ = {isa = PBXFileReference; lastKnownFileType = sourcecode.swift; path = ViewModels/AuthViewModel.swift; sourceTree = "<group>"; };
		AA2000000000000000000015 /* ChatViewModel.swift */ = {isa = PBXFileReference; lastKnownFileType = sourcecode.swift; path = ViewModels/ChatViewModel.swift; sourceTree = "<group>"; };
		AA2000000000000000000016 /* ConversationListViewModel.swift */ = {isa = PBXFileReference; lastKnownFileType = sourcecode.swift; path = ViewModels/ConversationListViewModel.swift; sourceTree = "<group>"; };
		AA2000000000000000000017 /* SettingsViewModel.swift */ = {isa = PBXFileReference; lastKnownFileType = sourcecode.swift; path = ViewModels/SettingsViewModel.swift; sourceTree = "<group>"; };
		AA2000000000000000000018 /* LoginView.swift */ = {isa = PBXFileReference; lastKnownFileType = sourcecode.swift; path = Views/Auth/LoginView.swift; sourceTree = "<group>"; };
		AA2000000000000000000019 /* ChatView.swift */ = {isa = PBXFileReference; lastKnownFileType = sourcecode.swift; path = Views/Chat/ChatView.swift; sourceTree = "<group>"; };
		AA200000000000000000001A /* CommonViews.swift */ = {isa = PBXFileReference; lastKnownFileType = sourcecode.swift; path = Views/Components/CommonViews.swift; sourceTree = "<group>"; };
		AA200000000000000000001B /* ConversationListView.swift */ = {isa = PBXFileReference; lastKnownFileType = sourcecode.swift; path = Views/Conversations/ConversationListView.swift; sourceTree = "<group>"; };
		AA200000000000000000001C /* SettingsView.swift */ = {isa = PBXFileReference; lastKnownFileType = sourcecode.swift; path = Views/Settings/SettingsView.swift; sourceTree = "<group>"; };
		AA200000000000000000001D /* BotResponseService.swift */ = {isa = PBXFileReference; lastKnownFileType = sourcecode.swift; path = Services/BotResponseService.swift; sourceTree = "<group>"; };
/* End PBXFileReference section */

/* Begin PBXFrameworksBuildPhase section */
		AA3000000000000000000001 /* Frameworks */ = {
			isa = PBXFrameworksBuildPhase;
			buildActionMask = 2147483647;
			files = (
			);
			runOnlyForDeploymentPostprocessing = 0;
		};
/* End PBXFrameworksBuildPhase section */

/* Begin PBXGroup section */
		AA4000000000000000000000 /* Products */ = {
			isa = PBXGroup;
			children = (
				AA2000000000000000000000 /* ChatPrototipe.app */,
			);
			name = Products;
			sourceTree = "<group>";
		};
		AA4000000000000000000001 /* ChatPrototipe */ = {
			isa = PBXGroup;
			children = (
				AA2000000000000000000001 /* ChatPrototipoApp.swift */,
				AA2000000000000000000002 /* ContentView.swift */,
				AA2000000000000000000005 /* AppState.swift */,
				AA2000000000000000000006 /* RootView.swift */,
				AA2000000000000000000007 /* Conversation.swift */,
				AA2000000000000000000008 /* LLMProvider.swift */,
				AA2000000000000000000009 /* Message.swift */,
				AA200000000000000000000A /* User.swift */,
				AA200000000000000000000B /* DataContainer.swift */,
				AA200000000000000000000C /* AnthropicService.swift */,
				AA200000000000000000000D /* KeychainService.swift */,
				AA200000000000000000000E /* LLMService.swift */,
				AA200000000000000000000F /* LLMServiceFactory.swift */,
				AA2000000000000000000010 /* NetworkManager.swift */,
				AA2000000000000000000011 /* OpenAIService.swift */,
				AA2000000000000000000012 /* StreamingParser.swift */,
				AA200000000000000000001D /* BotResponseService.swift */,
				AA2000000000000000000013 /* AppLog.swift */,
				AA2000000000000000000014 /* AuthViewModel.swift */,
				AA2000000000000000000015 /* ChatViewModel.swift */,
				AA2000000000000000000016 /* ConversationListViewModel.swift */,
				AA2000000000000000000017 /* SettingsViewModel.swift */,
				AA2000000000000000000018 /* LoginView.swift */,
				AA2000000000000000000019 /* ChatView.swift */,
				AA200000000000000000001A /* CommonViews.swift */,
				AA200000000000000000001B /* ConversationListView.swift */,
				AA200000000000000000001C /* SettingsView.swift */,
				AA2000000000000000000003 /* Assets.xcassets */,
				AA4000000000000000000002 /* Preview Content */,
			);
			path = ChatPrototipe;
			sourceTree = "<group>";
		};
		AA4000000000000000000002 /* Preview Content */ = {
			isa = PBXGroup;
			children = (
				AA2000000000000000000004 /* Preview Assets.xcassets */,
			);
			path = "Preview Content";
			sourceTree = "<group>";
		};
		AA4000000000000000000099 /* MainGroup */ = {
			isa = PBXGroup;
			children = (
				AA4000000000000000000001 /* ChatPrototipe */,
				AA4000000000000000000000 /* Products */,
			);
			sourceTree = "<group>";
		};
/* End PBXGroup section */

/* Begin PBXNativeTarget section */
		AA5000000000000000000001 /* ChatPrototipe */ = {
			isa = PBXNativeTarget;
			buildConfigurationList = AA7000000000000000000002 /* Build configuration list for PBXNativeTarget "ChatPrototipe" */;
			buildPhases = (
				AA3000000000000000000000 /* Sources */,
				AA3000000000000000000001 /* Frameworks */,
				AA3000000000000000000002 /* Resources */,
			);
			buildRules = (
			);
			dependencies = (
			);
			name = ChatPrototipe;
			productName = ChatPrototipe;
			productReference = AA2000000000000000000000 /* ChatPrototipe.app */;
			productType = "com.apple.product-type.application";
		};
/* End PBXNativeTarget section */

/* Begin PBXProject section */
		AA6000000000000000000001 /* Project object */ = {
			isa = PBXProject;
			attributes = {
				BuildIndependentTargetsInParallel = 1;
				LastSwiftUpdateCheck = 1500;
				LastUpgradeCheck = 1500;
				TargetAttributes = {
					AA5000000000000000000001 = {
						CreatedOnToolsVersion = 15.0;
					};
				};
			};
			buildConfigurationList = AA7000000000000000000001 /* Build configuration list for PBXProject "ChatPrototipe" */;
			compatibilityVersion = "Xcode 14.0";
			developmentRegion = es;
			hasScannedForEncodings = 0;
			knownRegions = (
				es,
				Base,
			);
			mainGroup = AA4000000000000000000099 /* MainGroup */;
			productRefGroup = AA4000000000000000000000 /* Products */;
			projectDirPath = "";
			projectRoot = "";
			targets = (
				AA5000000000000000000001 /* ChatPrototipe */,
			);
		};
/* End PBXProject section */

/* Begin PBXResourcesBuildPhase section */
		AA3000000000000000000002 /* Resources */ = {
			isa = PBXResourcesBuildPhase;
			buildActionMask = 2147483647;
			files = (
				AA1000000000000000000004 /* Preview Assets.xcassets in Resources */,
				AA1000000000000000000003 /* Assets.xcassets in Resources */,
			);
			runOnlyForDeploymentPostprocessing = 0;
		};
/* End PBXResourcesBuildPhase section */

/* Begin PBXSourcesBuildPhase section */
		AA3000000000000000000000 /* Sources */ = {
			isa = PBXSourcesBuildPhase;
			buildActionMask = 2147483647;
			files = (
				AA100000000000000000001D /* BotResponseService.swift in Sources */,
				AA100000000000000000001C /* SettingsView.swift in Sources */,
				AA100000000000000000001B /* ConversationListView.swift in Sources */,
				AA100000000000000000001A /* CommonViews.swift in Sources */,
				AA1000000000000000000019 /* ChatView.swift in Sources */,
				AA1000000000000000000018 /* LoginView.swift in Sources */,
				AA1000000000000000000017 /* SettingsViewModel.swift in Sources */,
				AA1000000000000000000016 /* ConversationListViewModel.swift in Sources */,
				AA1000000000000000000015 /* ChatViewModel.swift in Sources */,
				AA1000000000000000000014 /* AuthViewModel.swift in Sources */,
				AA1000000000000000000013 /* AppLog.swift in Sources */,
				AA1000000000000000000012 /* StreamingParser.swift in Sources */,
				AA1000000000000000000011 /* OpenAIService.swift in Sources */,
				AA1000000000000000000010 /* NetworkManager.swift in Sources */,
				AA100000000000000000000F /* LLMServiceFactory.swift in Sources */,
				AA100000000000000000000E /* LLMService.swift in Sources */,
				AA100000000000000000000D /* KeychainService.swift in Sources */,
				AA100000000000000000000C /* AnthropicService.swift in Sources */,
				AA100000000000000000000B /* DataContainer.swift in Sources */,
				AA100000000000000000000A /* User.swift in Sources */,
				AA1000000000000000000009 /* Message.swift in Sources */,
				AA1000000000000000000008 /* LLMProvider.swift in Sources */,
				AA1000000000000000000007 /* Conversation.swift in Sources */,
				AA1000000000000000000006 /* RootView.swift in Sources */,
				AA1000000000000000000005 /* AppState.swift in Sources */,
				AA1000000000000000000002 /* ContentView.swift in Sources */,
				AA1000000000000000000001 /* ChatPrototipoApp.swift in Sources */,
			);
			runOnlyForDeploymentPostprocessing = 0;
		};
/* End PBXSourcesBuildPhase section */

/* Begin XCBuildConfiguration section */
		AA7000000000000000000010 /* Debug */ = {
			isa = XCBuildConfiguration;
			buildSettings = {
				ALWAYS_SEARCH_USER_PATHS = NO;
				ASSETCATALOG_COMPILER_GENERATE_SWIFT_ASSET_SYMBOL_EXTENSIONS = YES;
				CLANG_ANALYZER_NONNULL = YES;
				CLANG_ANALYZER_NUMBER_OBJECT_CONVERSION = YES_AGGRESSIVE;
				CLANG_CXX_LANGUAGE_STANDARD = "gnu++20";
				CLANG_ENABLE_MODULES = YES;
				CLANG_ENABLE_OBJC_ARC = YES;
				CLANG_ENABLE_OBJC_WEAK = YES;
				CLANG_WARN_BLOCK_CAPTURE_AUTORELEASING = YES;
				CLANG_WARN_BOOL_CONVERSION = YES;
				CLANG_WARN_COMMA = YES;
				CLANG_WARN_CONSTANT_CONVERSION = YES;
				CLANG_WARN_DEPRECATED_OBJC_IMPLEMENTATIONS = YES;
				CLANG_WARN_DIRECT_OBJC_ISA_USAGE = YES_ERROR;
				CLANG_WARN_DOCUMENTATION_COMMENTS = YES;
				CLANG_WARN_EMPTY_BODY = YES;
				CLANG_WARN_ENUM_CONVERSION = YES;
				CLANG_WARN_INFINITE_RECURSION = YES;
				CLANG_WARN_INT_CONVERSION = YES;
				CLANG_WARN_NON_LITERAL_NULL_CONVERSION = YES;
				CLANG_WARN_OBJC_IMPLICIT_RETAIN_SELF = YES;
				CLANG_WARN_OBJC_LITERAL_CONVERSION = YES;
				CLANG_WARN_OBJC_ROOT_CLASS = YES_ERROR;
				CLANG_WARN_QUOTED_INCLUDE_IN_FRAMEWORK_HEADER = YES;
				CLANG_WARN_RANGE_LOOP_ANALYSIS = YES;
				CLANG_WARN_STRICT_PROTOTYPES = YES;
				CLANG_WARN_SUSPICIOUS_MOVE = YES;
				CLANG_WARN_UNGUARDED_AVAILABILITY = YES_AGGRESSIVE;
				CLANG_WARN_UNREACHABLE_CODE = YES;
				CLANG_WARN__DUPLICATE_METHOD_MATCH = YES;
				COPY_PHASE_STRIP = NO;
				DEBUG_INFORMATION_FORMAT = dwarf;
				ENABLE_STRICT_OBJC_MSGSEND = YES;
				ENABLE_TESTABILITY = YES;
				ENABLE_USER_SCRIPT_SANDBOXING = YES;
				GCC_C_LANGUAGE_STANDARD = gnu17;
				GCC_DYNAMIC_NO_PIC = NO;
				GCC_NO_COMMON_BLOCKS = YES;
				GCC_OPTIMIZATION_LEVEL = 0;
				GCC_PREPROCESSOR_DEFINITIONS = (
					"DEBUG=1",
					"$(inherited)",
				);
				GCC_WARN_64_TO_32_BIT_CONVERSION = YES;
				GCC_WARN_ABOUT_RETURN_TYPE = YES_ERROR;
				GCC_WARN_UNDECLARED_SELECTOR = YES;
				GCC_WARN_UNINITIALIZED_AUTOS = YES_AGGRESSIVE;
				GCC_WARN_UNUSED_FUNCTION = YES;
				GCC_WARN_UNUSED_VARIABLE = YES;
				IPHONEOS_DEPLOYMENT_TARGET = 17.0;
				MTL_ENABLE_DEBUG_INFO = INCLUDE_SOURCE;
				MTL_FAST_MATH = YES;
				ONLY_ACTIVE_ARCH = YES;
				SDKROOT = iphoneos;
				SWIFT_ACTIVE_COMPILATION_CONDITIONS = "DEBUG $(inherited)";
				SWIFT_OPTIMIZATION_LEVEL = "-Onone";
			};
			name = Debug;
		};
		AA7000000000000000000011 /* Release */ = {
			isa = XCBuildConfiguration;
			buildSettings = {
				ALWAYS_SEARCH_USER_PATHS = NO;
				ASSETCATALOG_COMPILER_GENERATE_SWIFT_ASSET_SYMBOL_EXTENSIONS = YES;
				CLANG_ANALYZER_NONNULL = YES;
				CLANG_ANALYZER_NUMBER_OBJECT_CONVERSION = YES_AGGRESSIVE;
				CLANG_CXX_LANGUAGE_STANDARD = "gnu++20";
				CLANG_ENABLE_MODULES = YES;
				CLANG_ENABLE_OBJC_ARC = YES;
				CLANG_ENABLE_OBJC_WEAK = YES;
				CLANG_WARN_BLOCK_CAPTURE_AUTORELEASING = YES;
				CLANG_WARN_BOOL_CONVERSION = YES;
				CLANG_WARN_COMMA = YES;
				CLANG_WARN_CONSTANT_CONVERSION = YES;
				CLANG_WARN_DEPRECATED_OBJC_IMPLEMENTATIONS = YES;
				CLANG_WARN_DIRECT_OBJC_ISA_USAGE = YES_ERROR;
				CLANG_WARN_DOCUMENTATION_COMMENTS = YES;
				CLANG_WARN_EMPTY_BODY = YES;
				CLANG_WARN_ENUM_CONVERSION = YES;
				CLANG_WARN_INFINITE_RECURSION = YES;
				CLANG_WARN_INT_CONVERSION = YES;
				CLANG_WARN_NON_LITERAL_NULL_CONVERSION = YES;
				CLANG_WARN_OBJC_IMPLICIT_RETAIN_SELF = YES;
				CLANG_WARN_OBJC_LITERAL_CONVERSION = YES;
				CLANG_WARN_OBJC_ROOT_CLASS = YES_ERROR;
				CLANG_WARN_QUOTED_INCLUDE_IN_FRAMEWORK_HEADER = YES;
				CLANG_WARN_RANGE_LOOP_ANALYSIS = YES;
				CLANG_WARN_STRICT_PROTOTYPES = YES;
				CLANG_WARN_SUSPICIOUS_MOVE = YES;
				CLANG_WARN_UNGUARDED_AVAILABILITY = YES_AGGRESSIVE;
				CLANG_WARN_UNREACHABLE_CODE = YES;
				CLANG_WARN__DUPLICATE_METHOD_MATCH = YES;
				COPY_PHASE_STRIP = NO;
				DEBUG_INFORMATION_FORMAT = "dwarf-with-dsym";
				ENABLE_NS_ASSERTIONS = NO;
				ENABLE_STRICT_OBJC_MSGSEND = YES;
				ENABLE_USER_SCRIPT_SANDBOXING = YES;
				GCC_C_LANGUAGE_STANDARD = gnu17;
				GCC_NO_COMMON_BLOCKS = YES;
				GCC_WARN_64_TO_32_BIT_CONVERSION = YES;
				GCC_WARN_ABOUT_RETURN_TYPE = YES_ERROR;
				GCC_WARN_UNDECLARED_SELECTOR = YES;
				GCC_WARN_UNINITIALIZED_AUTOS = YES_AGGRESSIVE;
				GCC_WARN_UNUSED_FUNCTION = YES;
				GCC_WARN_UNUSED_VARIABLE = YES;
				IPHONEOS_DEPLOYMENT_TARGET = 17.0;
				MTL_FAST_MATH = YES;
				SDKROOT = iphoneos;
				SWIFT_COMPILATION_MODE = wholemodule;
				VALIDATE_PRODUCT = YES;
			};
			name = Release;
		};
		AA7000000000000000000020 /* Debug */ = {
			isa = XCBuildConfiguration;
			buildSettings = {
				ASSETCATALOG_COMPILER_APPICON_NAME = AppIcon;
				ASSETCATALOG_COMPILER_GLOBAL_ACCENT_COLOR_NAME = AccentColor;
				CODE_SIGN_STYLE = Automatic;
				CURRENT_PROJECT_VERSION = 1;
				DEVELOPMENT_ASSET_PATHS = "\"ChatPrototipe/Preview Content\"";
				ENABLE_PREVIEWS = YES;
				GENERATE_INFOPLIST_FILE = YES;
				INFOPLIST_KEY_UIApplicationSceneManifest_Generation = YES;
				INFOPLIST_KEY_UIApplicationSupportsIndirectInputEvents = YES;
				INFOPLIST_KEY_UILaunchScreen_Generation = YES;
				INFOPLIST_KEY_UISupportedInterfaceOrientations_iPad = "UIInterfaceOrientationPortrait UIInterfaceOrientationPortraitUpsideDown UIInterfaceOrientationLandscapeLeft UIInterfaceOrientationLandscapeRight";
				INFOPLIST_KEY_UISupportedInterfaceOrientations_iPhone = "UIInterfaceOrientationPortrait UIInterfaceOrientationLandscapeLeft UIInterfaceOrientationLandscapeRight";
				IPHONEOS_DEPLOYMENT_TARGET = 17.0;
				LD_RUNPATH_SEARCH_PATHS = (
					"$(inherited)",
					"@executable_path/Frameworks",
				);
				MARKETING_VERSION = 1.0;
				PRODUCT_BUNDLE_IDENTIFIER = com.chatprototipo.app;
				PRODUCT_NAME = "$(TARGET_NAME)";
				SWIFT_EMIT_LOC_STRINGS = YES;
				SWIFT_VERSION = 5.0;
				TARGETED_DEVICE_FAMILY = "1,2";
			};
			name = Debug;
		};
		AA7000000000000000000021 /* Release */ = {
			isa = XCBuildConfiguration;
			buildSettings = {
				ASSETCATALOG_COMPILER_APPICON_NAME = AppIcon;
				ASSETCATALOG_COMPILER_GLOBAL_ACCENT_COLOR_NAME = AccentColor;
				CODE_SIGN_STYLE = Automatic;
				CURRENT_PROJECT_VERSION = 1;
				DEVELOPMENT_ASSET_PATHS = "\"ChatPrototipe/Preview Content\"";
				ENABLE_PREVIEWS = YES;
				GENERATE_INFOPLIST_FILE = YES;
				INFOPLIST_KEY_UIApplicationSceneManifest_Generation = YES;
				INFOPLIST_KEY_UIApplicationSupportsIndirectInputEvents = YES;
				INFOPLIST_KEY_UILaunchScreen_Generation = YES;
				INFOPLIST_KEY_UISupportedInterfaceOrientations_iPad = "UIInterfaceOrientationPortrait UIInterfaceOrientationPortraitUpsideDown UIInterfaceOrientationLandscapeLeft UIInterfaceOrientationLandscapeRight";
				INFOPLIST_KEY_UISupportedInterfaceOrientations_iPhone = "UIInterfaceOrientationPortrait UIInterfaceOrientationLandscapeLeft UIInterfaceOrientationLandscapeRight";
				IPHONEOS_DEPLOYMENT_TARGET = 17.0;
				LD_RUNPATH_SEARCH_PATHS = (
					"$(inherited)",
					"@executable_path/Frameworks",
				);
				MARKETING_VERSION = 1.0;
				PRODUCT_BUNDLE_IDENTIFIER = com.chatprototipo.app;
				PRODUCT_NAME = "$(TARGET_NAME)";
				SWIFT_EMIT_LOC_STRINGS = YES;
				SWIFT_VERSION = 5.0;
				TARGETED_DEVICE_FAMILY = "1,2";
			};
			name = Release;
		};
/* End XCBuildConfiguration section */

/* Begin XCConfigurationList section */
		AA7000000000000000000001 /* Build configuration list for PBXProject "ChatPrototipe" */ = {
			isa = XCConfigurationList;
			buildConfigurations = (
				AA7000000000000000000010 /* Debug */,
				AA7000000000000000000011 /* Release */,
			);
			defaultConfigurationIsVisible = 0;
			defaultConfigurationName = Release;
		};
		AA7000000000000000000002 /* Build configuration list for PBXNativeTarget "ChatPrototipe" */ = {
			isa = XCConfigurationList;
			buildConfigurations = (
				AA7000000000000000000020 /* Debug */,
				AA7000000000000000000021 /* Release */,
			);
			defaultConfigurationIsVisible = 0;
			defaultConfigurationName = Release;
		};
/* End XCConfigurationList section */

	};
	rootObject = AA6000000000000000000001 /* Project object */;
}
